
Microsoft Visual Studio Solution File, Format Version 12.00
# Visual Studio Version 16
VisualStudioVersion = 16.0.34031.81
MinimumVisualStudioVersion = 10.0.40219.1
Project("{FAE04EC0-301F-11D3-BF4B-00C04F79EFBC}") = "WindowsFormsApp2", "WindowsFormsApp2\WindowsFormsApp2.csproj", "{E9FA2174-032A-4667-B6A1-BA989E517B83}"
EndProject
Global
	GlobalSection(SolutionConfigurationPlatforms) = preSolution
		Debug|Any CPU = Debug|Any CPU
		Release|Any CPU = Release|Any CPU
	EndGlobalSection
	GlobalSection(ProjectConfigurationPlatforms) = postSolution
		{E9FA2174-032A-4667-B6A1-BA989E517B83}.Debug|Any CPU.ActiveCfg = Debug|Any CPU
		{E9FA2174-032A-4667-B6A1-BA989E517B83}.Debug|Any CPU.Build.0 = Debug|Any CPU
		{E9FA2174-032A-4667-B6A1-BA989E517B83}.Release|Any CPU.ActiveCfg = Release|Any CPU
		{E9FA2174-032A-4667-B6A1-BA989E517B83}.Release|Any CPU.Build.0 = Release|Any CPU
	EndGlobalSection
	GlobalSection(SolutionProperties) = preSolution
		HideSolutionNode = FALSE
	EndGlobalSection
	GlobalSection(ExtensibilityGlobals) = postSolution
		SolutionGuid = {C2521E19-2EC2-45C5-BE19-0CB77F6368D0}
	EndGlobalSection
EndGlobal
